
Microsoft Visual Studio Solution File, Format Version 12.00
# Visual Studio Version 16
VisualStudioVersion = 16.0.31005.135
MinimumVisualStudioVersion = 10.0.40219.1
Project("{FAE04EC0-301F-11D3-BF4B-00C04F79EFBC}") = "KR_V7", "KR_V7\KR_V7.csproj", "{0014DD05-D05C-4F38-9F56-38F6650A258E}"
EndProject
Global
	GlobalSection(SolutionConfigurationPlatforms) = preSolution
		Debug|Any CPU = Debug|Any CPU
		Release|Any CPU = Release|Any CPU
	EndGlobalSection
	GlobalSection(ProjectConfigurationPlatforms) = postSolution
		{0014DD05-D05C-4F38-9F56-38F6650A258E}.Debug|Any CPU.ActiveCfg = Debug|Any CPU
		{0014DD05-D05C-4F38-9F56-38F6650A258E}.Debug|Any CPU.Build.0 = Debug|Any CPU
		{0014DD05-D05C-4F38-9F56-38F6650A258E}.Release|Any CPU.ActiveCfg = Release|Any CPU
		{0014DD05-D05C-4F38-9F56-38F6650A258E}.Release|Any CPU.Build.0 = Release|Any CPU
	EndGlobalSection
	GlobalSection(SolutionProperties) = preSolution
		HideSolutionNode = FALSE
	EndGlobalSection
	GlobalSection(ExtensibilityGlobals) = postSolution
		SolutionGuid = {50F858FC-3E25-4ABB-B887-0081D70E21B9}
	EndGlobalSection
EndGlobal
