
Microsoft Visual Studio Solution File, Format Version 12.00
# Visual Studio Version 16
VisualStudioVersion = 16.0.31005.135
MinimumVisualStudioVersion = 10.0.40219.1
Project("{FAE04EC0-301F-11D3-BF4B-00C04F79EFBC}") = "LR_07", "LR_07\LR_07.csproj", "{9F1E6809-1931-471B-B609-2D4E9C522060}"
EndProject
Global
	GlobalSection(SolutionConfigurationPlatforms) = preSolution
		Debug|Any CPU = Debug|Any CPU
		Release|Any CPU = Release|Any CPU
	EndGlobalSection
	GlobalSection(ProjectConfigurationPlatforms) = postSolution
		{9F1E6809-1931-471B-B609-2D4E9C522060}.Debug|Any CPU.ActiveCfg = Debug|Any CPU
		{9F1E6809-1931-471B-B609-2D4E9C522060}.Debug|Any CPU.Build.0 = Debug|Any CPU
		{9F1E6809-1931-471B-B609-2D4E9C522060}.Release|Any CPU.ActiveCfg = Release|Any CPU
		{9F1E6809-1931-471B-B609-2D4E9C522060}.Release|Any CPU.Build.0 = Release|Any CPU
	EndGlobalSection
	GlobalSection(SolutionProperties) = preSolution
		HideSolutionNode = FALSE
	EndGlobalSection
	GlobalSection(ExtensibilityGlobals) = postSolution
		SolutionGuid = {268D508D-0BDE-4EE2-9793-F9ED043FD4CA}
	EndGlobalSection
EndGlobal
