
Microsoft Visual Studio Solution File, Format Version 12.00
# Visual Studio Version 16
VisualStudioVersion = 16.0.31005.135
MinimumVisualStudioVersion = 10.0.40219.1
Project("{FAE04EC0-301F-11D3-BF4B-00C04F79EFBC}") = "LR_12", "LR_12\LR_12.csproj", "{E4865C2D-DD50-4674-86BE-F1BC56A4B637}"
EndProject
Global
	GlobalSection(SolutionConfigurationPlatforms) = preSolution
		Debug|Any CPU = Debug|Any CPU
		Release|Any CPU = Release|Any CPU
	EndGlobalSection
	GlobalSection(ProjectConfigurationPlatforms) = postSolution
		{E4865C2D-DD50-4674-86BE-F1BC56A4B637}.Debug|Any CPU.ActiveCfg = Debug|Any CPU
		{E4865C2D-DD50-4674-86BE-F1BC56A4B637}.Debug|Any CPU.Build.0 = Debug|Any CPU
		{E4865C2D-DD50-4674-86BE-F1BC56A4B637}.Release|Any CPU.ActiveCfg = Release|Any CPU
		{E4865C2D-DD50-4674-86BE-F1BC56A4B637}.Release|Any CPU.Build.0 = Release|Any CPU
	EndGlobalSection
	GlobalSection(SolutionProperties) = preSolution
		HideSolutionNode = FALSE
	EndGlobalSection
	GlobalSection(ExtensibilityGlobals) = postSolution
		SolutionGuid = {0C2253CE-A4A0-406F-BAFD-54AF6F286887}
	EndGlobalSection
EndGlobal
